
Microsoft Visual Studio Solution File, Format Version 11.00
# Visual Studio 2010
Project("{FAE04EC0-301F-11D3-BF4B-00C04F79EFBC}") = "interstitial", "Assembly-CSharp-firstpass.csproj", "{802494E3-DD11-D5B5-8ED6-1135B5FDD869}"
EndProject
Project("{FAE04EC0-301F-11D3-BF4B-00C04F79EFBC}") = "interstitial", "Assembly-CSharp.csproj", "{E6CB933D-E88D-A747-7014-0AFF90F81BCD}"
EndProject
Global
	GlobalSection(SolutionConfigurationPlatforms) = preSolution
		Debug|Any CPU = Debug|Any CPU
		Release|Any CPU = Release|Any CPU
	EndGlobalSection
	GlobalSection(ProjectConfigurationPlatforms) = postSolution
		{802494E3-DD11-D5B5-8ED6-1135B5FDD869}.Debug|Any CPU.ActiveCfg = Debug|Any CPU
		{802494E3-DD11-D5B5-8ED6-1135B5FDD869}.Debug|Any CPU.Build.0 = Debug|Any CPU
		{802494E3-DD11-D5B5-8ED6-1135B5FDD869}.Release|Any CPU.ActiveCfg = Release|Any CPU
		{802494E3-DD11-D5B5-8ED6-1135B5FDD869}.Release|Any CPU.Build.0 = Release|Any CPU
		{E6CB933D-E88D-A747-7014-0AFF90F81BCD}.Debug|Any CPU.ActiveCfg = Debug|Any CPU
		{E6CB933D-E88D-A747-7014-0AFF90F81BCD}.Debug|Any CPU.Build.0 = Debug|Any CPU
		{E6CB933D-E88D-A747-7014-0AFF90F81BCD}.Release|Any CPU.ActiveCfg = Release|Any CPU
		{E6CB933D-E88D-A747-7014-0AFF90F81BCD}.Release|Any CPU.Build.0 = Release|Any CPU
	EndGlobalSection
	GlobalSection(SolutionProperties) = preSolution
		HideSolutionNode = FALSE
	EndGlobalSection
	GlobalSection(MonoDevelopProperties) = preSolution
		StartupItem = Assembly-CSharp.csproj
	EndGlobalSection
EndGlobal
